
Microsoft Visual Studio Solution File, Format Version 12.00
# Visual Studio 15
VisualStudioVersion = 15.0.28010.2046
MinimumVisualStudioVersion = 10.0.40219.1
Project("{FAE04EC0-301F-11D3-BF4B-00C04F79EFBC}") = "TFComplejidadAlgoritmica", "TFComplejidadAlgoritmica\TFComplejidadAlgoritmica.csproj", "{4C4101BB-36EC-470A-BEFA-1B1E6B8BC062}"
EndProject
Global
	GlobalSection(SolutionConfigurationPlatforms) = preSolution
		Debug|Any CPU = Debug|Any CPU
		Release|Any CPU = Release|Any CPU
	EndGlobalSection
	GlobalSection(ProjectConfigurationPlatforms) = postSolution
		{4C4101BB-36EC-470A-BEFA-1B1E6B8BC062}.Debug|Any CPU.ActiveCfg = Debug|Any CPU
		{4C4101BB-36EC-470A-BEFA-1B1E6B8BC062}.Debug|Any CPU.Build.0 = Debug|Any CPU
		{4C4101BB-36EC-470A-BEFA-1B1E6B8BC062}.Release|Any CPU.ActiveCfg = Release|Any CPU
		{4C4101BB-36EC-470A-BEFA-1B1E6B8BC062}.Release|Any CPU.Build.0 = Release|Any CPU
	EndGlobalSection
	GlobalSection(SolutionProperties) = preSolution
		HideSolutionNode = FALSE
	EndGlobalSection
	GlobalSection(ExtensibilityGlobals) = postSolution
		SolutionGuid = {3BE4B768-C8BB-489D-9E89-50E7431CAC8A}
	EndGlobalSection
EndGlobal
